
Microsoft Visual Studio Solution File, Format Version 12.00
# Visual Studio 14
VisualStudioVersion = 14.0.24720.0
MinimumVisualStudioVersion = 10.0.40219.1
Project("{FAE04EC0-301F-11D3-BF4B-00C04F79EFBC}") = "NT.Builder.Winform", "NT.Builder.Winform\NT.Builder.Winform.csproj", "{998D0F48-1C41-4E36-BA95-D98F51CF0CAD}"
EndProject
Project("{FAE04EC0-301F-11D3-BF4B-00C04F79EFBC}") = "NT.Builder.DbHelper", "NT.Builder.DbHelper\NT.Builder.DbHelper.csproj", "{9E189BDF-7903-459F-8790-8E4655454038}"
EndProject
Global
	GlobalSection(SolutionConfigurationPlatforms) = preSolution
		Debug|Any CPU = Debug|Any CPU
		Release|Any CPU = Release|Any CPU
	EndGlobalSection
	GlobalSection(ProjectConfigurationPlatforms) = postSolution
		{998D0F48-1C41-4E36-BA95-D98F51CF0CAD}.Debug|Any CPU.ActiveCfg = Debug|Any CPU
		{998D0F48-1C41-4E36-BA95-D98F51CF0CAD}.Debug|Any CPU.Build.0 = Debug|Any CPU
		{998D0F48-1C41-4E36-BA95-D98F51CF0CAD}.Release|Any CPU.ActiveCfg = Release|Any CPU
		{998D0F48-1C41-4E36-BA95-D98F51CF0CAD}.Release|Any CPU.Build.0 = Release|Any CPU
		{9E189BDF-7903-459F-8790-8E4655454038}.Debug|Any CPU.ActiveCfg = Debug|Any CPU
		{9E189BDF-7903-459F-8790-8E4655454038}.Debug|Any CPU.Build.0 = Debug|Any CPU
		{9E189BDF-7903-459F-8790-8E4655454038}.Release|Any CPU.ActiveCfg = Release|Any CPU
		{9E189BDF-7903-459F-8790-8E4655454038}.Release|Any CPU.Build.0 = Release|Any CPU
	EndGlobalSection
	GlobalSection(SolutionProperties) = preSolution
		HideSolutionNode = FALSE
	EndGlobalSection
EndGlobal
